
Microsoft Visual Studio Solution File, Format Version 12.00
# Visual Studio 15
VisualStudioVersion = 15.0.28010.2046
MinimumVisualStudioVersion = 10.0.40219.1
Project("{FAE04EC0-301F-11D3-BF4B-00C04F79EFBC}") = "CocktailAppV10.Android", "CocktailAppV10\CocktailAppV10.Android\CocktailAppV10.Android.csproj", "{91DD5641-0D20-432D-947F-C960FF315804}"
EndProject
Project("{FAE04EC0-301F-11D3-BF4B-00C04F79EFBC}") = "CocktailAppV10", "CocktailAppV10\CocktailAppV10\CocktailAppV10.csproj", "{6E1F8BB3-2D48-49D6-B331-499BAB7451F2}"
EndProject
Global
	GlobalSection(SolutionConfigurationPlatforms) = preSolution
		Debug|Any CPU = Debug|Any CPU
		Release|Any CPU = Release|Any CPU
	EndGlobalSection
	GlobalSection(ProjectConfigurationPlatforms) = postSolution
		{91DD5641-0D20-432D-947F-C960FF315804}.Debug|Any CPU.ActiveCfg = Debug|Any CPU
		{91DD5641-0D20-432D-947F-C960FF315804}.Debug|Any CPU.Build.0 = Debug|Any CPU
		{91DD5641-0D20-432D-947F-C960FF315804}.Debug|Any CPU.Deploy.0 = Debug|Any CPU
		{91DD5641-0D20-432D-947F-C960FF315804}.Release|Any CPU.ActiveCfg = Release|Any CPU
		{91DD5641-0D20-432D-947F-C960FF315804}.Release|Any CPU.Build.0 = Release|Any CPU
		{91DD5641-0D20-432D-947F-C960FF315804}.Release|Any CPU.Deploy.0 = Release|Any CPU
		{6E1F8BB3-2D48-49D6-B331-499BAB7451F2}.Debug|Any CPU.ActiveCfg = Debug|Any CPU
		{6E1F8BB3-2D48-49D6-B331-499BAB7451F2}.Debug|Any CPU.Build.0 = Debug|Any CPU
		{6E1F8BB3-2D48-49D6-B331-499BAB7451F2}.Debug|Any CPU.Deploy.0 = Debug|Any CPU
		{6E1F8BB3-2D48-49D6-B331-499BAB7451F2}.Release|Any CPU.ActiveCfg = Release|Any CPU
		{6E1F8BB3-2D48-49D6-B331-499BAB7451F2}.Release|Any CPU.Build.0 = Release|Any CPU
		{6E1F8BB3-2D48-49D6-B331-499BAB7451F2}.Release|Any CPU.Deploy.0 = Release|Any CPU
	EndGlobalSection
	GlobalSection(SolutionProperties) = preSolution
		HideSolutionNode = FALSE
	EndGlobalSection
	GlobalSection(ExtensibilityGlobals) = postSolution
		SolutionGuid = {B67298F5-4C0E-4183-AC82-639E473F273A}
	EndGlobalSection
EndGlobal
